
Microsoft Visual Studio Solution File, Format Version 12.00
# Visual Studio Version 16
VisualStudioVersion = 16.0.30804.86
MinimumVisualStudioVersion = 10.0.40219.1
Project("{FAE04EC0-301F-11D3-BF4B-00C04F79EFBC}") = "Challenge 1 OOP", "Challenge 1 OOP\Challenge 1 OOP.csproj", "{37085A59-FC1F-474F-9FDC-EA75DB194E75}"
EndProject
Global
	GlobalSection(SolutionConfigurationPlatforms) = preSolution
		Debug|Any CPU = Debug|Any CPU
		Release|Any CPU = Release|Any CPU
	EndGlobalSection
	GlobalSection(ProjectConfigurationPlatforms) = postSolution
		{37085A59-FC1F-474F-9FDC-EA75DB194E75}.Debug|Any CPU.ActiveCfg = Debug|Any CPU
		{37085A59-FC1F-474F-9FDC-EA75DB194E75}.Debug|Any CPU.Build.0 = Debug|Any CPU
		{37085A59-FC1F-474F-9FDC-EA75DB194E75}.Release|Any CPU.ActiveCfg = Release|Any CPU
		{37085A59-FC1F-474F-9FDC-EA75DB194E75}.Release|Any CPU.Build.0 = Release|Any CPU
	EndGlobalSection
	GlobalSection(SolutionProperties) = preSolution
		HideSolutionNode = FALSE
	EndGlobalSection
	GlobalSection(ExtensibilityGlobals) = postSolution
		SolutionGuid = {F435409D-1BC7-408D-89D4-4421845BCE0B}
	EndGlobalSection
EndGlobal
